<?xml version="1.0" encoding="utf-8"?>
<Project ToolsVersion="4.0" xmlns="http://schemas.microsoft.com/developer/msbuild/2003">
  <ItemGroup>
    <Filter Include="Resource Files">
      <UniqueIdentifier>{67DA6AB6-F800-4c08-8B7A-83BB121AAD01}</UniqueIdentifier>
      <Extensions>rc;ico;cur;bmp;dlg;rc2;rct;bin;rgs;gif;jpg;jpeg;jpe;resx;tiff;tif;png;wav;mfcribbon-ms</Extensions>
    </Filter>
    <Filter Include="Source Files">
      <UniqueIdentifier>{4FC737F1-C7A5-4376-A066-2A32D752A2FF}</UniqueIdentifier>
      <Extensions>cpp;c;cc;cxx;c++;cppm;ixx;def;odl;idl;hpj;bat;asm;asmx</Extensions>
    </Filter>
    <Filter Include="Source Files\platform">
      <UniqueIdentifier>{41b0fefa-01ae-4784-bcde-7d3c7233e0ad}</UniqueIdentifier>
    </Filter>
    <Filter Include="Source Files\lang">
      <UniqueIdentifier>{fea1b189-8f7f-4a0b-b5d5-9a0af8d0d74b}</UniqueIdentifier>
    </Filter>
    <Filter Include="Source Files\engine">
      <UniqueIdentifier>{f1140d9d-d5d1-4556-8696-4e2111df8c35}</UniqueIdentifier>
    </Filter>
  </ItemGroup>
  <ItemGroup>
    <ClCompile Include="..\..\src\lang\ast.c">
      <Filter>Source Files\lang</Filter>
    </ClCompile>
    <ClCompile Include="..\..\src\lang\hir.c">
      <Filter>Source Files\lang</Filter>
    </ClCompile>
    <ClCompile Include="..\..\src\lang\interpreter.c">
      <Filter>Source Files\lang</Filter>
    </ClCompile>
    <ClCompile Include="..\..\src\lang\intrinsics.c">
      <Filter>Source Files\lang</Filter>
    </ClCompile>
    <ClCompile Include="..\..\src\lang\jit-arm64.c">
      <Filter>Source Files\lang</Filter>
    </ClCompile>
    <ClCompile Include="..\..\src\lang\jit-common.c">
      <Filter>Source Files\lang</Filter>
    </ClCompile>
    <ClCompile Include="..\..\src\lang\jit-x86.c">
      <Filter>Source Files\lang</Filter>
    </ClCompile>
    <ClCompile Include="..\..\src\lang\jit-x86_64.c">
      <Filter>Source Files\lang</Filter>
    </ClCompile>
    <ClCompile Include="..\..\src\lang\lexer.yy.c">
      <Filter>Source Files\lang</Filter>
    </ClCompile>
    <ClCompile Include="..\..\src\lang\lir.c">
      <Filter>Source Files\lang</Filter>
    </ClCompile>
    <ClCompile Include="..\..\src\lang\parser.tab.c">
      <Filter>Source Files\lang</Filter>
    </ClCompile>
    <ClCompile Include="..\..\src\lang\runtime.c">
      <Filter>Source Files\lang</Filter>
    </ClCompile>
    <ClCompile Include="..\..\src\platform\avx.c">
      <Filter>Source Files\platform</Filter>
    </ClCompile>
    <ClCompile Include="..\..\src\platform\avx2.c">
      <Filter>Source Files\platform</Filter>
    </ClCompile>
    <ClCompile Include="..\..\src\platform\cpuid.c">
      <Filter>Source Files\platform</Filter>
    </ClCompile>
    <ClCompile Include="..\..\src\platform\d3d9render.cc">
      <Filter>Source Files\platform</Filter>
    </ClCompile>
    <ClCompile Include="..\..\src\platform\d3d11render.cc">
      <Filter>Source Files\platform</Filter>
    </ClCompile>
    <ClCompile Include="..\..\src\platform\d3d12render.cc">
      <Filter>Source Files\platform</Filter>
    </ClCompile>
    <ClCompile Include="..\..\src\platform\d3drender.c">
      <Filter>Source Files\platform</Filter>
    </ClCompile>
    <ClCompile Include="..\..\src\platform\dsound.c">
      <Filter>Source Files\platform</Filter>
    </ClCompile>
    <ClCompile Include="..\..\src\platform\dsvideo.cc">
      <Filter>Source Files\platform</Filter>
    </ClCompile>
    <ClCompile Include="..\..\src\platform\gdirender.c">
      <Filter>Source Files\platform</Filter>
    </ClCompile>
    <ClCompile Include="..\..\src\platform\glyph.c">
      <Filter>Source Files\platform</Filter>
    </ClCompile>
    <ClCompile Include="..\..\src\platform\image.c">
      <Filter>Source Files\platform</Filter>
    </ClCompile>
    <ClCompile Include="..\..\src\platform\scalar.c">
      <Filter>Source Files\platform</Filter>
    </ClCompile>
    <ClCompile Include="..\..\src\platform\sse.c">
      <Filter>Source Files\platform</Filter>
    </ClCompile>
    <ClCompile Include="..\..\src\platform\sse2.c">
      <Filter>Source Files\platform</Filter>
    </ClCompile>
    <ClCompile Include="..\..\src\platform\stdfile.c">
      <Filter>Source Files\platform</Filter>
    </ClCompile>
    <ClCompile Include="..\..\src\platform\wave.c">
      <Filter>Source Files\platform</Filter>
    </ClCompile>
    <ClCompile Include="..\..\src\platform\winmain.c">
      <Filter>Source Files\platform</Filter>
    </ClCompile>
    <ClCompile Include="..\..\src\translation.c">
      <Filter>Source Files</Filter>
    </ClCompile>
    <ClCompile Include="..\..\src\engine\api.c">
      <Filter>Source Files\engine</Filter>
    </ClCompile>
    <ClCompile Include="..\..\src\engine\main.c">
      <Filter>Source Files\engine</Filter>
    </ClCompile>
    <ClCompile Include="..\..\src\engine\vm.c">
      <Filter>Source Files\engine</Filter>
    </ClCompile>
  </ItemGroup>
  <ItemGroup>
    <ClInclude Include="..\..\src\lang\lir.h">
      <Filter>Source Files\lang</Filter>
    </ClInclude>
    <ClInclude Include="..\..\src\engine\engine.h">
      <Filter>Source Files\engine</Filter>
    </ClInclude>
    <ClInclude Include="..\..\src\engine\vm.h">
      <Filter>Source Files\engine</Filter>
    </ClInclude>
  </ItemGroup>
</Project>